
Microsoft Visual Studio Solution File, Format Version 12.00
# Visual Studio 15
VisualStudioVersion = 15.0.28307.757
MinimumVisualStudioVersion = 10.0.40219.1
Project("{FAE04EC0-301F-11D3-BF4B-00C04F79EFBC}") = "RJ_App.Android", "RJ_App\RJ_App.Android\RJ_App.Android.csproj", "{24CE3C36-16B9-426D-AA0C-5961ECF8D88C}"
EndProject
Project("{FAE04EC0-301F-11D3-BF4B-00C04F79EFBC}") = "RJ_App.iOS", "RJ_App\RJ_App.iOS\RJ_App.iOS.csproj", "{6C05929A-1D8A-489F-97CB-F224B3B610D5}"
EndProject
Project("{FAE04EC0-301F-11D3-BF4B-00C04F79EFBC}") = "RJ_App", "RJ_App\RJ_App\RJ_App.csproj", "{26399708-30B3-4700-990F-9224F095DDC3}"
EndProject
Global
	GlobalSection(SolutionConfigurationPlatforms) = preSolution
		Debug|Any CPU = Debug|Any CPU
		Debug|iPhone = Debug|iPhone
		Debug|iPhoneSimulator = Debug|iPhoneSimulator
		Release|Any CPU = Release|Any CPU
		Release|iPhone = Release|iPhone
		Release|iPhoneSimulator = Release|iPhoneSimulator
	EndGlobalSection
	GlobalSection(ProjectConfigurationPlatforms) = postSolution
		{24CE3C36-16B9-426D-AA0C-5961ECF8D88C}.Debug|Any CPU.ActiveCfg = Debug|Any CPU
		{24CE3C36-16B9-426D-AA0C-5961ECF8D88C}.Debug|Any CPU.Build.0 = Debug|Any CPU
		{24CE3C36-16B9-426D-AA0C-5961ECF8D88C}.Debug|Any CPU.Deploy.0 = Debug|Any CPU
		{24CE3C36-16B9-426D-AA0C-5961ECF8D88C}.Debug|iPhone.ActiveCfg = Debug|Any CPU
		{24CE3C36-16B9-426D-AA0C-5961ECF8D88C}.Debug|iPhone.Build.0 = Debug|Any CPU
		{24CE3C36-16B9-426D-AA0C-5961ECF8D88C}.Debug|iPhone.Deploy.0 = Debug|Any CPU
		{24CE3C36-16B9-426D-AA0C-5961ECF8D88C}.Debug|iPhoneSimulator.ActiveCfg = Debug|Any CPU
		{24CE3C36-16B9-426D-AA0C-5961ECF8D88C}.Debug|iPhoneSimulator.Build.0 = Debug|Any CPU
		{24CE3C36-16B9-426D-AA0C-5961ECF8D88C}.Debug|iPhoneSimulator.Deploy.0 = Debug|Any CPU
		{24CE3C36-16B9-426D-AA0C-5961ECF8D88C}.Release|Any CPU.ActiveCfg = Release|Any CPU
		{24CE3C36-16B9-426D-AA0C-5961ECF8D88C}.Release|Any CPU.Build.0 = Release|Any CPU
		{24CE3C36-16B9-426D-AA0C-5961ECF8D88C}.Release|Any CPU.Deploy.0 = Release|Any CPU
		{24CE3C36-16B9-426D-AA0C-5961ECF8D88C}.Release|iPhone.ActiveCfg = Release|Any CPU
		{24CE3C36-16B9-426D-AA0C-5961ECF8D88C}.Release|iPhone.Build.0 = Release|Any CPU
		{24CE3C36-16B9-426D-AA0C-5961ECF8D88C}.Release|iPhone.Deploy.0 = Release|Any CPU
		{24CE3C36-16B9-426D-AA0C-5961ECF8D88C}.Release|iPhoneSimulator.ActiveCfg = Release|Any CPU
		{24CE3C36-16B9-426D-AA0C-5961ECF8D88C}.Release|iPhoneSimulator.Build.0 = Release|Any CPU
		{24CE3C36-16B9-426D-AA0C-5961ECF8D88C}.Release|iPhoneSimulator.Deploy.0 = Release|Any CPU
		{6C05929A-1D8A-489F-97CB-F224B3B610D5}.Debug|Any CPU.ActiveCfg = Debug|iPhoneSimulator
		{6C05929A-1D8A-489F-97CB-F224B3B610D5}.Debug|Any CPU.Build.0 = Debug|iPhoneSimulator
		{6C05929A-1D8A-489F-97CB-F224B3B610D5}.Debug|Any CPU.Deploy.0 = Debug|iPhoneSimulator
		{6C05929A-1D8A-489F-97CB-F224B3B610D5}.Debug|iPhone.ActiveCfg = Debug|iPhone
		{6C05929A-1D8A-489F-97CB-F224B3B610D5}.Debug|iPhone.Build.0 = Debug|iPhone
		{6C05929A-1D8A-489F-97CB-F224B3B610D5}.Debug|iPhone.Deploy.0 = Debug|iPhone
		{6C05929A-1D8A-489F-97CB-F224B3B610D5}.Debug|iPhoneSimulator.ActiveCfg = Debug|iPhoneSimulator
		{6C05929A-1D8A-489F-97CB-F224B3B610D5}.Debug|iPhoneSimulator.Build.0 = Debug|iPhoneSimulator
		{6C05929A-1D8A-489F-97CB-F224B3B610D5}.Debug|iPhoneSimulator.Deploy.0 = Debug|iPhoneSimulator
		{6C05929A-1D8A-489F-97CB-F224B3B610D5}.Release|Any CPU.ActiveCfg = Release|iPhone
		{6C05929A-1D8A-489F-97CB-F224B3B610D5}.Release|Any CPU.Build.0 = Release|iPhone
		{6C05929A-1D8A-489F-97CB-F224B3B610D5}.Release|Any CPU.Deploy.0 = Release|iPhone
		{6C05929A-1D8A-489F-97CB-F224B3B610D5}.Release|iPhone.ActiveCfg = Release|iPhone
		{6C05929A-1D8A-489F-97CB-F224B3B610D5}.Release|iPhone.Build.0 = Release|iPhone
		{6C05929A-1D8A-489F-97CB-F224B3B610D5}.Release|iPhone.Deploy.0 = Release|iPhone
		{6C05929A-1D8A-489F-97CB-F224B3B610D5}.Release|iPhoneSimulator.ActiveCfg = Release|iPhoneSimulator
		{6C05929A-1D8A-489F-97CB-F224B3B610D5}.Release|iPhoneSimulator.Build.0 = Release|iPhoneSimulator
		{6C05929A-1D8A-489F-97CB-F224B3B610D5}.Release|iPhoneSimulator.Deploy.0 = Release|iPhoneSimulator
		{26399708-30B3-4700-990F-9224F095DDC3}.Debug|Any CPU.ActiveCfg = Debug|Any CPU
		{26399708-30B3-4700-990F-9224F095DDC3}.Debug|Any CPU.Build.0 = Debug|Any CPU
		{26399708-30B3-4700-990F-9224F095DDC3}.Debug|Any CPU.Deploy.0 = Debug|Any CPU
		{26399708-30B3-4700-990F-9224F095DDC3}.Debug|iPhone.ActiveCfg = Debug|Any CPU
		{26399708-30B3-4700-990F-9224F095DDC3}.Debug|iPhone.Build.0 = Debug|Any CPU
		{26399708-30B3-4700-990F-9224F095DDC3}.Debug|iPhone.Deploy.0 = Debug|Any CPU
		{26399708-30B3-4700-990F-9224F095DDC3}.Debug|iPhoneSimulator.ActiveCfg = Debug|Any CPU
		{26399708-30B3-4700-990F-9224F095DDC3}.Debug|iPhoneSimulator.Build.0 = Debug|Any CPU
		{26399708-30B3-4700-990F-9224F095DDC3}.Debug|iPhoneSimulator.Deploy.0 = Debug|Any CPU
		{26399708-30B3-4700-990F-9224F095DDC3}.Release|Any CPU.ActiveCfg = Release|Any CPU
		{26399708-30B3-4700-990F-9224F095DDC3}.Release|Any CPU.Build.0 = Release|Any CPU
		{26399708-30B3-4700-990F-9224F095DDC3}.Release|Any CPU.Deploy.0 = Release|Any CPU
		{26399708-30B3-4700-990F-9224F095DDC3}.Release|iPhone.ActiveCfg = Release|Any CPU
		{26399708-30B3-4700-990F-9224F095DDC3}.Release|iPhone.Build.0 = Release|Any CPU
		{26399708-30B3-4700-990F-9224F095DDC3}.Release|iPhone.Deploy.0 = Release|Any CPU
		{26399708-30B3-4700-990F-9224F095DDC3}.Release|iPhoneSimulator.ActiveCfg = Release|Any CPU
		{26399708-30B3-4700-990F-9224F095DDC3}.Release|iPhoneSimulator.Build.0 = Release|Any CPU
		{26399708-30B3-4700-990F-9224F095DDC3}.Release|iPhoneSimulator.Deploy.0 = Release|Any CPU
	EndGlobalSection
	GlobalSection(SolutionProperties) = preSolution
		HideSolutionNode = FALSE
	EndGlobalSection
	GlobalSection(ExtensibilityGlobals) = postSolution
		SolutionGuid = {83AC6B7B-5478-4E46-9CBE-3BD942472805}
	EndGlobalSection
EndGlobal
